{
  "name": "doc-editor",
  "version": "1.0.0",
  "lockfileVersion": 1,
  "requires": true,
  "dependencies": {
    "eventemitter2": {
      "version": "0.4.14",
      "resolved": "https://registry.npmjs.org/eventemitter2/-/eventemitter2-0.4.14.tgz",
      "integrity": "sha1-j2G3XN4BKy6esoTUVFWDtWQ7Yas="
    },
    "fast-diff": {
      "version": "1.0.1",
      "resolved": "https://registry.npmjs.org/fast-diff/-/fast-diff-1.0.1.tgz",
      "integrity": "sha1-dlMtW45J9ncP1GRlhij57UfrWsg="
    },
    "lodash": {
      "version": "2.4.2",
      "resolved": "https://registry.npmjs.org/lodash/-/lodash-2.4.2.tgz",
      "integrity": "sha1-+t2DS5aDBz2hebPq5tnA0VBT9z4="
    },
    "quilljs": {
      "version": "0.18.1",
      "resolved": "https://registry.npmjs.org/quilljs/-/quilljs-0.18.1.tgz",
      "integrity": "sha1-fXaW7ZXg4dt5xDnlkktu6l9ncGw=",
      "requires": {
        "eventemitter2": "~0.4.13",
        "lodash": "~2.4.1",
        "rich-text": "~1.0.2"
      }
    },
    "rich-text": {
      "version": "1.0.3",
      "resolved": "https://registry.npmjs.org/rich-text/-/rich-text-1.0.3.tgz",
      "integrity": "sha1-rE2CXy/KEj2CgoQu1V/Ff8e5xxA=",
      "requires": {
        "fast-diff": "~1.0.0"
      }
    }
  }
}
